
Microsoft Visual Studio Solution File, Format Version 12.00
# Visual Studio Version 16
VisualStudioVersion = 16.0.30804.86
MinimumVisualStudioVersion = 10.0.40219.1
Project("{9A19103F-16F7-4668-BE54-9A1E7A4F7556}") = "OnlineShop", "OnlineShop\OnlineShop.csproj", "{AA791477-90AC-4EAC-B4D3-7ABC701219E9}"
EndProject
Project("{9A19103F-16F7-4668-BE54-9A1E7A4F7556}") = "OnlineShop.DB", "OnlineShop.DB\OnlineShop.DB.csproj", "{FAD18393-CB11-402A-9765-863D15BAFAA8}"
EndProject
Project("{FAE04EC0-301F-11D3-BF4B-00C04F79EFBC}") = "OnlineShop.Domain", "OnlineShop.Domain\OnlineShop.Domain.csproj", "{E55DE43E-F299-431A-A1D7-5971CE17A812}"
EndProject
Global
	GlobalSection(SolutionConfigurationPlatforms) = preSolution
		Debug|Any CPU = Debug|Any CPU
		Release|Any CPU = Release|Any CPU
	EndGlobalSection
	GlobalSection(ProjectConfigurationPlatforms) = postSolution
		{AA791477-90AC-4EAC-B4D3-7ABC701219E9}.Debug|Any CPU.ActiveCfg = Debug|Any CPU
		{AA791477-90AC-4EAC-B4D3-7ABC701219E9}.Debug|Any CPU.Build.0 = Debug|Any CPU
		{AA791477-90AC-4EAC-B4D3-7ABC701219E9}.Release|Any CPU.ActiveCfg = Release|Any CPU
		{AA791477-90AC-4EAC-B4D3-7ABC701219E9}.Release|Any CPU.Build.0 = Release|Any CPU
		{FAD18393-CB11-402A-9765-863D15BAFAA8}.Debug|Any CPU.ActiveCfg = Debug|Any CPU
		{FAD18393-CB11-402A-9765-863D15BAFAA8}.Debug|Any CPU.Build.0 = Debug|Any CPU
		{FAD18393-CB11-402A-9765-863D15BAFAA8}.Release|Any CPU.ActiveCfg = Release|Any CPU
		{FAD18393-CB11-402A-9765-863D15BAFAA8}.Release|Any CPU.Build.0 = Release|Any CPU
		{E55DE43E-F299-431A-A1D7-5971CE17A812}.Debug|Any CPU.ActiveCfg = Debug|Any CPU
		{E55DE43E-F299-431A-A1D7-5971CE17A812}.Debug|Any CPU.Build.0 = Debug|Any CPU
		{E55DE43E-F299-431A-A1D7-5971CE17A812}.Release|Any CPU.ActiveCfg = Release|Any CPU
		{E55DE43E-F299-431A-A1D7-5971CE17A812}.Release|Any CPU.Build.0 = Release|Any CPU
	EndGlobalSection
	GlobalSection(SolutionProperties) = preSolution
		HideSolutionNode = FALSE
	EndGlobalSection
	GlobalSection(ExtensibilityGlobals) = postSolution
		SolutionGuid = {E78EC5D1-7763-4A19-A85D-57CF6288BAEB}
	EndGlobalSection
EndGlobal
